{
  "object": {
    "pins": [
      {
        "package": "Segment",
        "repositoryURL": "https://github.com/segmentio/analytics-swift",
        "state": {
          "branch": "main",
          "revision": "6eb8192882b0b1b3ccd15f3a48d8edeec99cd98a",
          "version": null
        }
      },
      {
        "package": "NielsenAppApi",
        "repositoryURL": "https://github.com/NielsenDigitalSDK/nielsenappsdk-ios-dynamic-spm-global",
        "state": {
          "branch": null,
          "revision": "118f99cd07b43b4a398ee3e56b7bbe1ee962b3c1",
          "version": "8.2.0"
        }
      },
      {
        "package": "Sovran",
        "repositoryURL": "https://github.com/segmentio/Sovran-Swift.git",
        "state": {
          "branch": null,
          "revision": "944c17d7c46bd95fc37f09136cabd172be5b413b",
          "version": "1.0.3"
        }
      }
    ]
  },
  "version": 1
}
